
Microsoft Visual Studio Solution File, Format Version 12.00
# Visual Studio Version 17
VisualStudioVersion = 17.5.002.0
MinimumVisualStudioVersion = 10.0.40219.1
Project("{9A19103F-16F7-4668-BE54-9A1E7A4F7556}") = "hello", "hello\hello.csproj", "{6BC786B3-942C-4181-909E-2BA8775C7A28}"
EndProject
Global
	GlobalSection(SolutionConfigurationPlatforms) = preSolution
		Debug|Any CPU = Debug|Any CPU
		Release|Any CPU = Release|Any CPU
	EndGlobalSection
	GlobalSection(ProjectConfigurationPlatforms) = postSolution
		{6BC786B3-942C-4181-909E-2BA8775C7A28}.Debug|Any CPU.ActiveCfg = Debug|Any CPU
		{6BC786B3-942C-4181-909E-2BA8775C7A28}.Debug|Any CPU.Build.0 = Debug|Any CPU
		{6BC786B3-942C-4181-909E-2BA8775C7A28}.Release|Any CPU.ActiveCfg = Release|Any CPU
		{6BC786B3-942C-4181-909E-2BA8775C7A28}.Release|Any CPU.Build.0 = Release|Any CPU
	EndGlobalSection
	GlobalSection(SolutionProperties) = preSolution
		HideSolutionNode = FALSE
	EndGlobalSection
	GlobalSection(ExtensibilityGlobals) = postSolution
		SolutionGuid = {CE655726-E023-4B94-B77F-08C37A753422}
	EndGlobalSection
EndGlobal
